
Microsoft Visual Studio Solution File, Format Version 12.00
# Visual Studio 2013
VisualStudioVersion = 12.0.21005.1
MinimumVisualStudioVersion = 10.0.40219.1
Project("{FAE04EC0-301F-11D3-BF4B-00C04F79EFBC}") = "AdapterPatternGenerator.CodeGenerator", "AdapterPatternGenerator.CodeGenerator\AdapterPatternGenerator.CodeGenerator.csproj", "{A95B6861-426D-4389-9251-D391A7C46888}"
EndProject
Project("{FAE04EC0-301F-11D3-BF4B-00C04F79EFBC}") = "AdapterPatternGenerator.CodeGenerator.Tests", "AdapterPatternGenerator.CodeGenerator.Tests\AdapterPatternGenerator.CodeGenerator.Tests.csproj", "{4A2E08BC-BC1E-439F-B853-9EBE17F7C3A4}"
EndProject
Project("{2150E333-8FDC-42A3-9474-1A3956D46DE8}") = ".nuget", ".nuget", "{C6D4BA7B-035A-42AB-A811-B64E63868E43}"
	ProjectSection(SolutionItems) = preProject
		.nuget\NuGet.Config = .nuget\NuGet.Config
		.nuget\NuGet.exe = .nuget\NuGet.exe
		.nuget\NuGet.targets = .nuget\NuGet.targets
	EndProjectSection
EndProject
Project("{FAE04EC0-301F-11D3-BF4B-00C04F79EFBC}") = "AdapterPatternGenerator.Console", "AdapterPatternGenerator.Console\AdapterPatternGenerator.Console.csproj", "{57AFFE67-0D97-45BF-A5B2-6C189F1EC6E5}"
EndProject
Project("{FAE04EC0-301F-11D3-BF4B-00C04F79EFBC}") = "AdapterPatternGenerator.Example", "AdapterPatternGenerator.Example\AdapterPatternGenerator.Example.csproj", "{DE761CAA-7C53-4884-BBED-BB2510F238B1}"
EndProject
Project("{FAE04EC0-301F-11D3-BF4B-00C04F79EFBC}") = "AdapterPatternGenerator.AdapterInterfaces", "AdapterPatternGenerator.AdapterInterfaces\AdapterPatternGenerator.AdapterInterfaces.csproj", "{8C2FE823-F958-4113-B1E1-CC95ACAE2220}"
EndProject
Project("{FAE04EC0-301F-11D3-BF4B-00C04F79EFBC}") = "AdapterPatternGenerator.AdapterClasses", "AdapterPatternGenerator.AdapterClasses\AdapterPatternGenerator.AdapterClasses.csproj", "{F4A15F29-6045-4EE8-9688-657372777E15}"
EndProject
Project("{2150E333-8FDC-42A3-9474-1A3956D46DE8}") = "GitHub", "GitHub", "{96C8BD6A-A36A-49E4-B649-E35FA1561AD0}"
	ProjectSection(SolutionItems) = preProject
		LICENSE = LICENSE
		README.md = README.md
	EndProjectSection
EndProject
Project("{FAE04EC0-301F-11D3-BF4B-00C04F79EFBC}") = "AdapterPatternGenerator.Implementation.Common", "AdapterPatternGenerator.Implementation.Common\AdapterPatternGenerator.Implementation.Common.csproj", "{E4553B50-B357-43B1-BD05-13751851D0C9}"
EndProject
Global
	GlobalSection(SolutionConfigurationPlatforms) = preSolution
		Debug|Any CPU = Debug|Any CPU
		Release|Any CPU = Release|Any CPU
	EndGlobalSection
	GlobalSection(ProjectConfigurationPlatforms) = postSolution
		{A95B6861-426D-4389-9251-D391A7C46888}.Debug|Any CPU.ActiveCfg = Debug|Any CPU
		{A95B6861-426D-4389-9251-D391A7C46888}.Debug|Any CPU.Build.0 = Debug|Any CPU
		{A95B6861-426D-4389-9251-D391A7C46888}.Release|Any CPU.ActiveCfg = Release|Any CPU
		{A95B6861-426D-4389-9251-D391A7C46888}.Release|Any CPU.Build.0 = Release|Any CPU
		{4A2E08BC-BC1E-439F-B853-9EBE17F7C3A4}.Debug|Any CPU.ActiveCfg = Debug|Any CPU
		{4A2E08BC-BC1E-439F-B853-9EBE17F7C3A4}.Debug|Any CPU.Build.0 = Debug|Any CPU
		{4A2E08BC-BC1E-439F-B853-9EBE17F7C3A4}.Release|Any CPU.ActiveCfg = Release|Any CPU
		{4A2E08BC-BC1E-439F-B853-9EBE17F7C3A4}.Release|Any CPU.Build.0 = Release|Any CPU
		{57AFFE67-0D97-45BF-A5B2-6C189F1EC6E5}.Debug|Any CPU.ActiveCfg = Debug|Any CPU
		{57AFFE67-0D97-45BF-A5B2-6C189F1EC6E5}.Debug|Any CPU.Build.0 = Debug|Any CPU
		{57AFFE67-0D97-45BF-A5B2-6C189F1EC6E5}.Release|Any CPU.ActiveCfg = Release|Any CPU
		{57AFFE67-0D97-45BF-A5B2-6C189F1EC6E5}.Release|Any CPU.Build.0 = Release|Any CPU
		{DE761CAA-7C53-4884-BBED-BB2510F238B1}.Debug|Any CPU.ActiveCfg = Debug|Any CPU
		{DE761CAA-7C53-4884-BBED-BB2510F238B1}.Debug|Any CPU.Build.0 = Debug|Any CPU
		{DE761CAA-7C53-4884-BBED-BB2510F238B1}.Release|Any CPU.ActiveCfg = Release|Any CPU
		{DE761CAA-7C53-4884-BBED-BB2510F238B1}.Release|Any CPU.Build.0 = Release|Any CPU
		{8C2FE823-F958-4113-B1E1-CC95ACAE2220}.Debug|Any CPU.ActiveCfg = Debug|Any CPU
		{8C2FE823-F958-4113-B1E1-CC95ACAE2220}.Debug|Any CPU.Build.0 = Debug|Any CPU
		{8C2FE823-F958-4113-B1E1-CC95ACAE2220}.Release|Any CPU.ActiveCfg = Release|Any CPU
		{8C2FE823-F958-4113-B1E1-CC95ACAE2220}.Release|Any CPU.Build.0 = Release|Any CPU
		{F4A15F29-6045-4EE8-9688-657372777E15}.Debug|Any CPU.ActiveCfg = Debug|Any CPU
		{F4A15F29-6045-4EE8-9688-657372777E15}.Debug|Any CPU.Build.0 = Debug|Any CPU
		{F4A15F29-6045-4EE8-9688-657372777E15}.Release|Any CPU.ActiveCfg = Release|Any CPU
		{F4A15F29-6045-4EE8-9688-657372777E15}.Release|Any CPU.Build.0 = Release|Any CPU
		{E4553B50-B357-43B1-BD05-13751851D0C9}.Debug|Any CPU.ActiveCfg = Debug|Any CPU
		{E4553B50-B357-43B1-BD05-13751851D0C9}.Debug|Any CPU.Build.0 = Debug|Any CPU
		{E4553B50-B357-43B1-BD05-13751851D0C9}.Release|Any CPU.ActiveCfg = Release|Any CPU
		{E4553B50-B357-43B1-BD05-13751851D0C9}.Release|Any CPU.Build.0 = Release|Any CPU
	EndGlobalSection
	GlobalSection(SolutionProperties) = preSolution
		HideSolutionNode = FALSE
	EndGlobalSection
EndGlobal
